
Microsoft Visual Studio Solution File, Format Version 12.00
# Visual Studio Version 16
VisualStudioVersion = 16.0.29519.181
MinimumVisualStudioVersion = 10.0.40219.1
Project("{FAE04EC0-301F-11D3-BF4B-00C04F79EFBC}") = "Heranca", "Heranca\Heranca.csproj", "{B800DA75-5597-42BA-B0E6-C2FBFE74EC0A}"
EndProject
Project("{FAE04EC0-301F-11D3-BF4B-00C04F79EFBC}") = "TesteEncapsulamento", "TesteEncapsulamento\TesteEncapsulamento.csproj", "{7CB7405D-6E99-4F66-866E-6BF1E79297D3}"
EndProject
Global
	GlobalSection(SolutionConfigurationPlatforms) = preSolution
		Debug|Any CPU = Debug|Any CPU
		Release|Any CPU = Release|Any CPU
	EndGlobalSection
	GlobalSection(ProjectConfigurationPlatforms) = postSolution
		{B800DA75-5597-42BA-B0E6-C2FBFE74EC0A}.Debug|Any CPU.ActiveCfg = Debug|Any CPU
		{B800DA75-5597-42BA-B0E6-C2FBFE74EC0A}.Debug|Any CPU.Build.0 = Debug|Any CPU
		{B800DA75-5597-42BA-B0E6-C2FBFE74EC0A}.Release|Any CPU.ActiveCfg = Release|Any CPU
		{B800DA75-5597-42BA-B0E6-C2FBFE74EC0A}.Release|Any CPU.Build.0 = Release|Any CPU
		{7CB7405D-6E99-4F66-866E-6BF1E79297D3}.Debug|Any CPU.ActiveCfg = Debug|Any CPU
		{7CB7405D-6E99-4F66-866E-6BF1E79297D3}.Debug|Any CPU.Build.0 = Debug|Any CPU
		{7CB7405D-6E99-4F66-866E-6BF1E79297D3}.Release|Any CPU.ActiveCfg = Release|Any CPU
		{7CB7405D-6E99-4F66-866E-6BF1E79297D3}.Release|Any CPU.Build.0 = Release|Any CPU
	EndGlobalSection
	GlobalSection(SolutionProperties) = preSolution
		HideSolutionNode = FALSE
	EndGlobalSection
	GlobalSection(ExtensibilityGlobals) = postSolution
		SolutionGuid = {68750EFA-B0FA-4D16-9F70-F9D50643E56D}
	EndGlobalSection
EndGlobal
